
Microsoft Visual Studio Solution File, Format Version 12.00
# Visual Studio Version 17
VisualStudioVersion = 17.9.34728.123
MinimumVisualStudioVersion = 10.0.40219.1
Project("{FAE04EC0-301F-11D3-BF4B-00C04F79EFBC}") = "MyWebAPI", "MyWebAPI.csproj", "{0C91B46A-5824-4964-93E6-B5D2DECC3574}"
EndProject
Global
	GlobalSection(SolutionConfigurationPlatforms) = preSolution
		Debug|Any CPU = Debug|Any CPU
		Release|Any CPU = Release|Any CPU
	EndGlobalSection
	GlobalSection(ProjectConfigurationPlatforms) = postSolution
		{0C91B46A-5824-4964-93E6-B5D2DECC3574}.Debug|Any CPU.ActiveCfg = Debug|Any CPU
		{0C91B46A-5824-4964-93E6-B5D2DECC3574}.Debug|Any CPU.Build.0 = Debug|Any CPU
		{0C91B46A-5824-4964-93E6-B5D2DECC3574}.Release|Any CPU.ActiveCfg = Release|Any CPU
		{0C91B46A-5824-4964-93E6-B5D2DECC3574}.Release|Any CPU.Build.0 = Release|Any CPU
	EndGlobalSection
	GlobalSection(SolutionProperties) = preSolution
		HideSolutionNode = FALSE
	EndGlobalSection
	GlobalSection(ExtensibilityGlobals) = postSolution
		SolutionGuid = {11063AB4-A5CB-4A68-BB79-B24E1EB6E4C7}
	EndGlobalSection
EndGlobal
